
Microsoft Visual Studio Solution File, Format Version 12.00
# Visual Studio Version 17
VisualStudioVersion = 17.11.35327.3
MinimumVisualStudioVersion = 10.0.40219.1
Project("{2150E333-8FDC-42A3-9474-1A3956D46DE8}") = "Ontime.Infrustructure", "Ontime.Infrustructure", "{3EB3EA2E-E015-47B0-B86F-95858893D33A}"
EndProject
Project("{2150E333-8FDC-42A3-9474-1A3956D46DE8}") = "Ontime.CrossCutting", "Ontime.CrossCutting", "{DA410D06-AD87-4F36-B3B9-496659030811}"
EndProject
Project("{2150E333-8FDC-42A3-9474-1A3956D46DE8}") = "Ontime.Host", "Ontime.Host", "{B3A154E6-B36D-44D8-AB7C-9CA155FFA156}"
EndProject
Project("{9A19103F-16F7-4668-BE54-9A1E7A4F7556}") = "Project.Api", "Project.Api\Project.Api.csproj", "{082E0F45-2A02-4A87-808D-89F010EDA25B}"
EndProject
Project("{2150E333-8FDC-42A3-9474-1A3956D46DE8}") = "OnTime.Module.User", "OnTime.Module.User", "{7EB7C356-E5C7-4056-AC53-BF93D64A21E2}"
EndProject
Project("{2150E333-8FDC-42A3-9474-1A3956D46DE8}") = "OnTime.Modules", "OnTime.Modules", "{724F3B7A-DA79-4588-9EA4-1BC8EE03ED54}"
EndProject
Project("{2150E333-8FDC-42A3-9474-1A3956D46DE8}") = "Ontime.Module.Lookup", "Ontime.Module.Lookup", "{AFF453E7-D1F0-4BC9-B9FA-DBA9F9B582A8}"
EndProject
Project("{FAE04EC0-301F-11D3-BF4B-00C04F79EFBC}") = "OnTime.CrossCutting.Comman", "Project.Comman\OnTime.CrossCutting.Comman.csproj", "{F5AFACC4-E3D2-4C4D-AF5C-29B050552A15}"
EndProject
Project("{FAE04EC0-301F-11D3-BF4B-00C04F79EFBC}") = "OnTime.CrossCutting.ResponseHandler", "Project.ResponseHandler\OnTime.CrossCutting.ResponseHandler.csproj", "{3C51BF44-16DA-4D52-B622-ACAE1D7C934E}"
EndProject
Project("{FAE04EC0-301F-11D3-BF4B-00C04F79EFBC}") = "OnTime.User.Services", "Project.User.Services\OnTime.User.Services.csproj", "{1A442A26-B915-4F61-ACE6-B8676DDE7929}"
EndProject
Project("{FAE04EC0-301F-11D3-BF4B-00C04F79EFBC}") = "OnTime.Data", "Project.Data\OnTime.Data.csproj", "{6A146190-D056-4D65-9F9D-E4D56BECEB38}"
EndProject
Project("{2150E333-8FDC-42A3-9474-1A3956D46DE8}") = "Ontime.Domain", "Ontime.Domain", "{8342A25E-97C5-459F-A32E-FAB933634AF9}"
EndProject
Project("{FAE04EC0-301F-11D3-BF4B-00C04F79EFBC}") = "OnTime.Repository", "Project.Repository\OnTime.Repository.csproj", "{CB7E85A1-14B0-484A-93E8-29DC04A04B06}"
EndProject
Project("{FAE04EC0-301F-11D3-BF4B-00C04F79EFBC}") = "OnTime.EntityFramework", "Project.EntityFramework\OnTime.EntityFramework.csproj", "{EAD95C6A-4B38-4C4A-B65F-CD6E58F42735}"
EndProject
Project("{FAE04EC0-301F-11D3-BF4B-00C04F79EFBC}") = "OnTime.lookup.API", "Project.Logic.API\OnTime.lookup.API.csproj", "{A9850077-3451-4893-B8E6-221FAB32A70F}"
EndProject
Project("{FAE04EC0-301F-11D3-BF4B-00C04F79EFBC}") = "OnTime.Module.lookup", "Project.Module.Logic\OnTime.Module.lookup.csproj", "{2BBE85DD-DC4F-448F-9952-EDB6E03A1A12}"
EndProject
Project("{FAE04EC0-301F-11D3-BF4B-00C04F79EFBC}") = "OnTime.User.API", "Project.Module.User\OnTime.User.API.csproj", "{8EA42DCC-678A-465B-92D9-624DCC0DB133}"
EndProject
Project("{2150E333-8FDC-42A3-9474-1A3956D46DE8}") = "Ontime.Module.Employee", "Ontime.Module.Employee", "{CC561CDD-B61B-4584-B2D5-57D3D5AC089D}"
EndProject
Project("{FAE04EC0-301F-11D3-BF4B-00C04F79EFBC}") = "Ontime.Module.Employee.Service", "Ontime.Module.Employee.Service\Ontime.Module.Employee.Service.csproj", "{0A68BFE8-E36D-4C01-B70B-046F44F762EB}"
EndProject
Project("{FAE04EC0-301F-11D3-BF4B-00C04F79EFBC}") = "Ontime.Module.Employee.API", "Ontime.Module.Employee.API\Ontime.Module.Employee.API.csproj", "{1D8C6754-A210-4B57-8834-1BF140A472DA}"
EndProject
Global
	GlobalSection(SolutionConfigurationPlatforms) = preSolution
		Debug|Any CPU = Debug|Any CPU
		Release|Any CPU = Release|Any CPU
	EndGlobalSection
	GlobalSection(ProjectConfigurationPlatforms) = postSolution
		{082E0F45-2A02-4A87-808D-89F010EDA25B}.Debug|Any CPU.ActiveCfg = Debug|Any CPU
		{082E0F45-2A02-4A87-808D-89F010EDA25B}.Debug|Any CPU.Build.0 = Debug|Any CPU
		{082E0F45-2A02-4A87-808D-89F010EDA25B}.Release|Any CPU.ActiveCfg = Release|Any CPU
		{082E0F45-2A02-4A87-808D-89F010EDA25B}.Release|Any CPU.Build.0 = Release|Any CPU
		{F5AFACC4-E3D2-4C4D-AF5C-29B050552A15}.Debug|Any CPU.ActiveCfg = Debug|Any CPU
		{F5AFACC4-E3D2-4C4D-AF5C-29B050552A15}.Debug|Any CPU.Build.0 = Debug|Any CPU
		{F5AFACC4-E3D2-4C4D-AF5C-29B050552A15}.Release|Any CPU.ActiveCfg = Release|Any CPU
		{F5AFACC4-E3D2-4C4D-AF5C-29B050552A15}.Release|Any CPU.Build.0 = Release|Any CPU
		{3C51BF44-16DA-4D52-B622-ACAE1D7C934E}.Debug|Any CPU.ActiveCfg = Debug|Any CPU
		{3C51BF44-16DA-4D52-B622-ACAE1D7C934E}.Debug|Any CPU.Build.0 = Debug|Any CPU
		{3C51BF44-16DA-4D52-B622-ACAE1D7C934E}.Release|Any CPU.ActiveCfg = Release|Any CPU
		{3C51BF44-16DA-4D52-B622-ACAE1D7C934E}.Release|Any CPU.Build.0 = Release|Any CPU
		{1A442A26-B915-4F61-ACE6-B8676DDE7929}.Debug|Any CPU.ActiveCfg = Debug|Any CPU
		{1A442A26-B915-4F61-ACE6-B8676DDE7929}.Debug|Any CPU.Build.0 = Debug|Any CPU
		{1A442A26-B915-4F61-ACE6-B8676DDE7929}.Release|Any CPU.ActiveCfg = Release|Any CPU
		{1A442A26-B915-4F61-ACE6-B8676DDE7929}.Release|Any CPU.Build.0 = Release|Any CPU
		{6A146190-D056-4D65-9F9D-E4D56BECEB38}.Debug|Any CPU.ActiveCfg = Debug|Any CPU
		{6A146190-D056-4D65-9F9D-E4D56BECEB38}.Debug|Any CPU.Build.0 = Debug|Any CPU
		{6A146190-D056-4D65-9F9D-E4D56BECEB38}.Release|Any CPU.ActiveCfg = Release|Any CPU
		{6A146190-D056-4D65-9F9D-E4D56BECEB38}.Release|Any CPU.Build.0 = Release|Any CPU
		{CB7E85A1-14B0-484A-93E8-29DC04A04B06}.Debug|Any CPU.ActiveCfg = Debug|Any CPU
		{CB7E85A1-14B0-484A-93E8-29DC04A04B06}.Debug|Any CPU.Build.0 = Debug|Any CPU
		{CB7E85A1-14B0-484A-93E8-29DC04A04B06}.Release|Any CPU.ActiveCfg = Release|Any CPU
		{CB7E85A1-14B0-484A-93E8-29DC04A04B06}.Release|Any CPU.Build.0 = Release|Any CPU
		{EAD95C6A-4B38-4C4A-B65F-CD6E58F42735}.Debug|Any CPU.ActiveCfg = Debug|Any CPU
		{EAD95C6A-4B38-4C4A-B65F-CD6E58F42735}.Debug|Any CPU.Build.0 = Debug|Any CPU
		{EAD95C6A-4B38-4C4A-B65F-CD6E58F42735}.Release|Any CPU.ActiveCfg = Release|Any CPU
		{EAD95C6A-4B38-4C4A-B65F-CD6E58F42735}.Release|Any CPU.Build.0 = Release|Any CPU
		{A9850077-3451-4893-B8E6-221FAB32A70F}.Debug|Any CPU.ActiveCfg = Debug|Any CPU
		{A9850077-3451-4893-B8E6-221FAB32A70F}.Debug|Any CPU.Build.0 = Debug|Any CPU
		{A9850077-3451-4893-B8E6-221FAB32A70F}.Release|Any CPU.ActiveCfg = Release|Any CPU
		{A9850077-3451-4893-B8E6-221FAB32A70F}.Release|Any CPU.Build.0 = Release|Any CPU
		{2BBE85DD-DC4F-448F-9952-EDB6E03A1A12}.Debug|Any CPU.ActiveCfg = Debug|Any CPU
		{2BBE85DD-DC4F-448F-9952-EDB6E03A1A12}.Debug|Any CPU.Build.0 = Debug|Any CPU
		{2BBE85DD-DC4F-448F-9952-EDB6E03A1A12}.Release|Any CPU.ActiveCfg = Release|Any CPU
		{2BBE85DD-DC4F-448F-9952-EDB6E03A1A12}.Release|Any CPU.Build.0 = Release|Any CPU
		{8EA42DCC-678A-465B-92D9-624DCC0DB133}.Debug|Any CPU.ActiveCfg = Debug|Any CPU
		{8EA42DCC-678A-465B-92D9-624DCC0DB133}.Debug|Any CPU.Build.0 = Debug|Any CPU
		{8EA42DCC-678A-465B-92D9-624DCC0DB133}.Release|Any CPU.ActiveCfg = Release|Any CPU
		{8EA42DCC-678A-465B-92D9-624DCC0DB133}.Release|Any CPU.Build.0 = Release|Any CPU
		{0A68BFE8-E36D-4C01-B70B-046F44F762EB}.Debug|Any CPU.ActiveCfg = Debug|Any CPU
		{0A68BFE8-E36D-4C01-B70B-046F44F762EB}.Debug|Any CPU.Build.0 = Debug|Any CPU
		{0A68BFE8-E36D-4C01-B70B-046F44F762EB}.Release|Any CPU.ActiveCfg = Release|Any CPU
		{0A68BFE8-E36D-4C01-B70B-046F44F762EB}.Release|Any CPU.Build.0 = Release|Any CPU
		{1D8C6754-A210-4B57-8834-1BF140A472DA}.Debug|Any CPU.ActiveCfg = Debug|Any CPU
		{1D8C6754-A210-4B57-8834-1BF140A472DA}.Debug|Any CPU.Build.0 = Debug|Any CPU
		{1D8C6754-A210-4B57-8834-1BF140A472DA}.Release|Any CPU.ActiveCfg = Release|Any CPU
		{1D8C6754-A210-4B57-8834-1BF140A472DA}.Release|Any CPU.Build.0 = Release|Any CPU
	EndGlobalSection
	GlobalSection(SolutionProperties) = preSolution
		HideSolutionNode = FALSE
	EndGlobalSection
	GlobalSection(NestedProjects) = preSolution
		{082E0F45-2A02-4A87-808D-89F010EDA25B} = {B3A154E6-B36D-44D8-AB7C-9CA155FFA156}
		{7EB7C356-E5C7-4056-AC53-BF93D64A21E2} = {724F3B7A-DA79-4588-9EA4-1BC8EE03ED54}
		{AFF453E7-D1F0-4BC9-B9FA-DBA9F9B582A8} = {724F3B7A-DA79-4588-9EA4-1BC8EE03ED54}
		{F5AFACC4-E3D2-4C4D-AF5C-29B050552A15} = {DA410D06-AD87-4F36-B3B9-496659030811}
		{3C51BF44-16DA-4D52-B622-ACAE1D7C934E} = {DA410D06-AD87-4F36-B3B9-496659030811}
		{1A442A26-B915-4F61-ACE6-B8676DDE7929} = {7EB7C356-E5C7-4056-AC53-BF93D64A21E2}
		{6A146190-D056-4D65-9F9D-E4D56BECEB38} = {8342A25E-97C5-459F-A32E-FAB933634AF9}
		{CB7E85A1-14B0-484A-93E8-29DC04A04B06} = {3EB3EA2E-E015-47B0-B86F-95858893D33A}
		{EAD95C6A-4B38-4C4A-B65F-CD6E58F42735} = {3EB3EA2E-E015-47B0-B86F-95858893D33A}
		{A9850077-3451-4893-B8E6-221FAB32A70F} = {AFF453E7-D1F0-4BC9-B9FA-DBA9F9B582A8}
		{2BBE85DD-DC4F-448F-9952-EDB6E03A1A12} = {AFF453E7-D1F0-4BC9-B9FA-DBA9F9B582A8}
		{8EA42DCC-678A-465B-92D9-624DCC0DB133} = {7EB7C356-E5C7-4056-AC53-BF93D64A21E2}
		{CC561CDD-B61B-4584-B2D5-57D3D5AC089D} = {724F3B7A-DA79-4588-9EA4-1BC8EE03ED54}
		{0A68BFE8-E36D-4C01-B70B-046F44F762EB} = {CC561CDD-B61B-4584-B2D5-57D3D5AC089D}
		{1D8C6754-A210-4B57-8834-1BF140A472DA} = {CC561CDD-B61B-4584-B2D5-57D3D5AC089D}
	EndGlobalSection
	GlobalSection(ExtensibilityGlobals) = postSolution
		SolutionGuid = {ECC5B3B4-1215-4670-A666-332AAF335B64}
	EndGlobalSection
EndGlobal
